
Microsoft Visual Studio Solution File, Format Version 12.00
# Visual Studio 15
VisualStudioVersion = 15.0.28307.1082
MinimumVisualStudioVersion = 10.0.40219.1
Project("{8BC9CEB8-8B4A-11D0-8D11-00A0C91BC942}") = "67.二进制求和", "67.二进制求和\67.二进制求和.vcxproj", "{C8A5B3F3-F251-45D5-8417-DC207E1AA374}"
EndProject
Project("{8BC9CEB8-8B4A-11D0-8D11-00A0C91BC942}") = "13.罗马数字转整数", "13.罗马数字转整数\13.罗马数字转整数.vcxproj", "{B82448D4-471C-44E7-ACE9-74482E979F20}"
EndProject
Project("{8BC9CEB8-8B4A-11D0-8D11-00A0C91BC942}") = "1450. 在既定时间做作业的学生人数", "1450. 在既定时间做作业的学生人数\1450. 在既定时间做作业的学生人数.vcxproj", "{4BC06BD9-A232-4758-A55E-262E6BE8E1C8}"
EndProject
Project("{8BC9CEB8-8B4A-11D0-8D11-00A0C91BC942}") = "1342. 将数字变成 0 的操作次数", "1342. 将数字变成 0 的操作次数\1342. 将数字变成 0 的操作次数.vcxproj", "{313B4F54-49E2-49E4-BBA4-BA9E15B4BA35}"
EndProject
Project("{8BC9CEB8-8B4A-11D0-8D11-00A0C91BC942}") = "1281. 整数的各位积和之差", "1281. 整数的各位积和之差\1281. 整数的各位积和之差.vcxproj", "{2171E89D-B4AB-46DE-BC9F-3C72B38EA91B}"
EndProject
Project("{8BC9CEB8-8B4A-11D0-8D11-00A0C91BC942}") = "1295. 统计位数为偶数的数字", "1295. 统计位数为偶数的数字\1295. 统计位数为偶数的数字.vcxproj", "{5C367C78-DDCF-4E58-BCB8-BA9229865680}"
EndProject
Project("{8BC9CEB8-8B4A-11D0-8D11-00A0C91BC942}") = "1365. 有多少小于当前数字的数字", "1365. 有多少小于当前数字的数字\1365. 有多少小于当前数字的数字.vcxproj", "{26B64409-5B55-43D0-B105-36C109D910BA}"
EndProject
Project("{8BC9CEB8-8B4A-11D0-8D11-00A0C91BC942}") = "977. 有序数组的平方", "977. 有序数组的平方\977. 有序数组的平方.vcxproj", "{6A01B6EA-5F48-44F6-8DDF-6706AF937ADF}"
EndProject
Project("{8BC9CEB8-8B4A-11D0-8D11-00A0C91BC942}") = "1304. 和为零的N个唯一整数", "1304. 和为零的N个唯一整数\1304. 和为零的N个唯一整数.vcxproj", "{BDF319DC-752C-4CF6-887C-D8ED1A2EE76A}"
EndProject
Project("{8BC9CEB8-8B4A-11D0-8D11-00A0C91BC942}") = "1323. 6 和 9 组成的最大数字", "1323. 6 和 9 组成的最大数字\1323. 6 和 9 组成的最大数字.vcxproj", "{E7BA2B72-87E4-4CE4-B59F-C84E263A6881}"
EndProject
Project("{8BC9CEB8-8B4A-11D0-8D11-00A0C91BC942}") = "1207. 独一无二的出现次数", "1207. 独一无二的出现次数\1207. 独一无二的出现次数.vcxproj", "{9A9F113D-8122-4C60-855F-6523812B7C5D}"
EndProject
Project("{8BC9CEB8-8B4A-11D0-8D11-00A0C91BC942}") = "1085. 最小元素各数位之和", "1085. 最小元素各数位之和\1085. 最小元素各数位之和.vcxproj", "{A30321B4-92A9-4CFD-A05D-2AE4208E509E}"
EndProject
Project("{8BC9CEB8-8B4A-11D0-8D11-00A0C91BC942}") = "1213. 三个有序数组的交集", "1213. 三个有序数组的交集\1213. 三个有序数组的交集.vcxproj", "{FBAE4BC1-4B91-465C-960F-BDF189E91AD3}"
EndProject
Project("{8BC9CEB8-8B4A-11D0-8D11-00A0C91BC942}") = "728. 自除数", "728. 自除数\728. 自除数.vcxproj", "{0E3926F9-5E87-4FB3-88EB-53CD2281D548}"
EndProject
Project("{8BC9CEB8-8B4A-11D0-8D11-00A0C91BC942}") = "758. 字符串中的加粗单词", "758. 字符串中的加粗单词\758. 字符串中的加粗单词.vcxproj", "{12D1793C-5750-40C4-9A74-860DA0854264}"
EndProject
Global
	GlobalSection(SolutionConfigurationPlatforms) = preSolution
		Debug|x64 = Debug|x64
		Debug|x86 = Debug|x86
		Release|x64 = Release|x64
		Release|x86 = Release|x86
	EndGlobalSection
	GlobalSection(ProjectConfigurationPlatforms) = postSolution
		{C8A5B3F3-F251-45D5-8417-DC207E1AA374}.Debug|x64.ActiveCfg = Debug|x64
		{C8A5B3F3-F251-45D5-8417-DC207E1AA374}.Debug|x64.Build.0 = Debug|x64
		{C8A5B3F3-F251-45D5-8417-DC207E1AA374}.Debug|x86.ActiveCfg = Debug|Win32
		{C8A5B3F3-F251-45D5-8417-DC207E1AA374}.Debug|x86.Build.0 = Debug|Win32
		{C8A5B3F3-F251-45D5-8417-DC207E1AA374}.Release|x64.ActiveCfg = Release|x64
		{C8A5B3F3-F251-45D5-8417-DC207E1AA374}.Release|x64.Build.0 = Release|x64
		{C8A5B3F3-F251-45D5-8417-DC207E1AA374}.Release|x86.ActiveCfg = Release|Win32
		{C8A5B3F3-F251-45D5-8417-DC207E1AA374}.Release|x86.Build.0 = Release|Win32
		{B82448D4-471C-44E7-ACE9-74482E979F20}.Debug|x64.ActiveCfg = Debug|x64
		{B82448D4-471C-44E7-ACE9-74482E979F20}.Debug|x64.Build.0 = Debug|x64
		{B82448D4-471C-44E7-ACE9-74482E979F20}.Debug|x86.ActiveCfg = Debug|Win32
		{B82448D4-471C-44E7-ACE9-74482E979F20}.Debug|x86.Build.0 = Debug|Win32
		{B82448D4-471C-44E7-ACE9-74482E979F20}.Release|x64.ActiveCfg = Release|x64
		{B82448D4-471C-44E7-ACE9-74482E979F20}.Release|x64.Build.0 = Release|x64
		{B82448D4-471C-44E7-ACE9-74482E979F20}.Release|x86.ActiveCfg = Release|Win32
		{B82448D4-471C-44E7-ACE9-74482E979F20}.Release|x86.Build.0 = Release|Win32
		{4BC06BD9-A232-4758-A55E-262E6BE8E1C8}.Debug|x64.ActiveCfg = Debug|x64
		{4BC06BD9-A232-4758-A55E-262E6BE8E1C8}.Debug|x64.Build.0 = Debug|x64
		{4BC06BD9-A232-4758-A55E-262E6BE8E1C8}.Debug|x86.ActiveCfg = Debug|Win32
		{4BC06BD9-A232-4758-A55E-262E6BE8E1C8}.Debug|x86.Build.0 = Debug|Win32
		{4BC06BD9-A232-4758-A55E-262E6BE8E1C8}.Release|x64.ActiveCfg = Release|x64
		{4BC06BD9-A232-4758-A55E-262E6BE8E1C8}.Release|x64.Build.0 = Release|x64
		{4BC06BD9-A232-4758-A55E-262E6BE8E1C8}.Release|x86.ActiveCfg = Release|Win32
		{4BC06BD9-A232-4758-A55E-262E6BE8E1C8}.Release|x86.Build.0 = Release|Win32
		{313B4F54-49E2-49E4-BBA4-BA9E15B4BA35}.Debug|x64.ActiveCfg = Debug|x64
		{313B4F54-49E2-49E4-BBA4-BA9E15B4BA35}.Debug|x64.Build.0 = Debug|x64
		{313B4F54-49E2-49E4-BBA4-BA9E15B4BA35}.Debug|x86.ActiveCfg = Debug|Win32
		{313B4F54-49E2-49E4-BBA4-BA9E15B4BA35}.Debug|x86.Build.0 = Debug|Win32
		{313B4F54-49E2-49E4-BBA4-BA9E15B4BA35}.Release|x64.ActiveCfg = Release|x64
		{313B4F54-49E2-49E4-BBA4-BA9E15B4BA35}.Release|x64.Build.0 = Release|x64
		{313B4F54-49E2-49E4-BBA4-BA9E15B4BA35}.Release|x86.ActiveCfg = Release|Win32
		{313B4F54-49E2-49E4-BBA4-BA9E15B4BA35}.Release|x86.Build.0 = Release|Win32
		{2171E89D-B4AB-46DE-BC9F-3C72B38EA91B}.Debug|x64.ActiveCfg = Debug|x64
		{2171E89D-B4AB-46DE-BC9F-3C72B38EA91B}.Debug|x64.Build.0 = Debug|x64
		{2171E89D-B4AB-46DE-BC9F-3C72B38EA91B}.Debug|x86.ActiveCfg = Debug|Win32
		{2171E89D-B4AB-46DE-BC9F-3C72B38EA91B}.Debug|x86.Build.0 = Debug|Win32
		{2171E89D-B4AB-46DE-BC9F-3C72B38EA91B}.Release|x64.ActiveCfg = Release|x64
		{2171E89D-B4AB-46DE-BC9F-3C72B38EA91B}.Release|x64.Build.0 = Release|x64
		{2171E89D-B4AB-46DE-BC9F-3C72B38EA91B}.Release|x86.ActiveCfg = Release|Win32
		{2171E89D-B4AB-46DE-BC9F-3C72B38EA91B}.Release|x86.Build.0 = Release|Win32
		{5C367C78-DDCF-4E58-BCB8-BA9229865680}.Debug|x64.ActiveCfg = Debug|x64
		{5C367C78-DDCF-4E58-BCB8-BA9229865680}.Debug|x64.Build.0 = Debug|x64
		{5C367C78-DDCF-4E58-BCB8-BA9229865680}.Debug|x86.ActiveCfg = Debug|Win32
		{5C367C78-DDCF-4E58-BCB8-BA9229865680}.Debug|x86.Build.0 = Debug|Win32
		{5C367C78-DDCF-4E58-BCB8-BA9229865680}.Release|x64.ActiveCfg = Release|x64
		{5C367C78-DDCF-4E58-BCB8-BA9229865680}.Release|x64.Build.0 = Release|x64
		{5C367C78-DDCF-4E58-BCB8-BA9229865680}.Release|x86.ActiveCfg = Release|Win32
		{5C367C78-DDCF-4E58-BCB8-BA9229865680}.Release|x86.Build.0 = Release|Win32
		{26B64409-5B55-43D0-B105-36C109D910BA}.Debug|x64.ActiveCfg = Debug|x64
		{26B64409-5B55-43D0-B105-36C109D910BA}.Debug|x64.Build.0 = Debug|x64
		{26B64409-5B55-43D0-B105-36C109D910BA}.Debug|x86.ActiveCfg = Debug|Win32
		{26B64409-5B55-43D0-B105-36C109D910BA}.Debug|x86.Build.0 = Debug|Win32
		{26B64409-5B55-43D0-B105-36C109D910BA}.Release|x64.ActiveCfg = Release|x64
		{26B64409-5B55-43D0-B105-36C109D910BA}.Release|x64.Build.0 = Release|x64
		{26B64409-5B55-43D0-B105-36C109D910BA}.Release|x86.ActiveCfg = Release|Win32
		{26B64409-5B55-43D0-B105-36C109D910BA}.Release|x86.Build.0 = Release|Win32
		{6A01B6EA-5F48-44F6-8DDF-6706AF937ADF}.Debug|x64.ActiveCfg = Debug|x64
		{6A01B6EA-5F48-44F6-8DDF-6706AF937ADF}.Debug|x64.Build.0 = Debug|x64
		{6A01B6EA-5F48-44F6-8DDF-6706AF937ADF}.Debug|x86.ActiveCfg = Debug|Win32
		{6A01B6EA-5F48-44F6-8DDF-6706AF937ADF}.Debug|x86.Build.0 = Debug|Win32
		{6A01B6EA-5F48-44F6-8DDF-6706AF937ADF}.Release|x64.ActiveCfg = Release|x64
		{6A01B6EA-5F48-44F6-8DDF-6706AF937ADF}.Release|x64.Build.0 = Release|x64
		{6A01B6EA-5F48-44F6-8DDF-6706AF937ADF}.Release|x86.ActiveCfg = Release|Win32
		{6A01B6EA-5F48-44F6-8DDF-6706AF937ADF}.Release|x86.Build.0 = Release|Win32
		{BDF319DC-752C-4CF6-887C-D8ED1A2EE76A}.Debug|x64.ActiveCfg = Debug|x64
		{BDF319DC-752C-4CF6-887C-D8ED1A2EE76A}.Debug|x64.Build.0 = Debug|x64
		{BDF319DC-752C-4CF6-887C-D8ED1A2EE76A}.Debug|x86.ActiveCfg = Debug|Win32
		{BDF319DC-752C-4CF6-887C-D8ED1A2EE76A}.Debug|x86.Build.0 = Debug|Win32
		{BDF319DC-752C-4CF6-887C-D8ED1A2EE76A}.Release|x64.ActiveCfg = Release|x64
		{BDF319DC-752C-4CF6-887C-D8ED1A2EE76A}.Release|x64.Build.0 = Release|x64
		{BDF319DC-752C-4CF6-887C-D8ED1A2EE76A}.Release|x86.ActiveCfg = Release|Win32
		{BDF319DC-752C-4CF6-887C-D8ED1A2EE76A}.Release|x86.Build.0 = Release|Win32
		{E7BA2B72-87E4-4CE4-B59F-C84E263A6881}.Debug|x64.ActiveCfg = Debug|x64
		{E7BA2B72-87E4-4CE4-B59F-C84E263A6881}.Debug|x64.Build.0 = Debug|x64
		{E7BA2B72-87E4-4CE4-B59F-C84E263A6881}.Debug|x86.ActiveCfg = Debug|Win32
		{E7BA2B72-87E4-4CE4-B59F-C84E263A6881}.Debug|x86.Build.0 = Debug|Win32
		{E7BA2B72-87E4-4CE4-B59F-C84E263A6881}.Release|x64.ActiveCfg = Release|x64
		{E7BA2B72-87E4-4CE4-B59F-C84E263A6881}.Release|x64.Build.0 = Release|x64
		{E7BA2B72-87E4-4CE4-B59F-C84E263A6881}.Release|x86.ActiveCfg = Release|Win32
		{E7BA2B72-87E4-4CE4-B59F-C84E263A6881}.Release|x86.Build.0 = Release|Win32
		{9A9F113D-8122-4C60-855F-6523812B7C5D}.Debug|x64.ActiveCfg = Debug|x64
		{9A9F113D-8122-4C60-855F-6523812B7C5D}.Debug|x64.Build.0 = Debug|x64
		{9A9F113D-8122-4C60-855F-6523812B7C5D}.Debug|x86.ActiveCfg = Debug|Win32
		{9A9F113D-8122-4C60-855F-6523812B7C5D}.Debug|x86.Build.0 = Debug|Win32
		{9A9F113D-8122-4C60-855F-6523812B7C5D}.Release|x64.ActiveCfg = Release|x64
		{9A9F113D-8122-4C60-855F-6523812B7C5D}.Release|x64.Build.0 = Release|x64
		{9A9F113D-8122-4C60-855F-6523812B7C5D}.Release|x86.ActiveCfg = Release|Win32
		{9A9F113D-8122-4C60-855F-6523812B7C5D}.Release|x86.Build.0 = Release|Win32
		{A30321B4-92A9-4CFD-A05D-2AE4208E509E}.Debug|x64.ActiveCfg = Debug|x64
		{A30321B4-92A9-4CFD-A05D-2AE4208E509E}.Debug|x64.Build.0 = Debug|x64
		{A30321B4-92A9-4CFD-A05D-2AE4208E509E}.Debug|x86.ActiveCfg = Debug|Win32
		{A30321B4-92A9-4CFD-A05D-2AE4208E509E}.Debug|x86.Build.0 = Debug|Win32
		{A30321B4-92A9-4CFD-A05D-2AE4208E509E}.Release|x64.ActiveCfg = Release|x64
		{A30321B4-92A9-4CFD-A05D-2AE4208E509E}.Release|x64.Build.0 = Release|x64
		{A30321B4-92A9-4CFD-A05D-2AE4208E509E}.Release|x86.ActiveCfg = Release|Win32
		{A30321B4-92A9-4CFD-A05D-2AE4208E509E}.Release|x86.Build.0 = Release|Win32
		{FBAE4BC1-4B91-465C-960F-BDF189E91AD3}.Debug|x64.ActiveCfg = Debug|x64
		{FBAE4BC1-4B91-465C-960F-BDF189E91AD3}.Debug|x64.Build.0 = Debug|x64
		{FBAE4BC1-4B91-465C-960F-BDF189E91AD3}.Debug|x86.ActiveCfg = Debug|Win32
		{FBAE4BC1-4B91-465C-960F-BDF189E91AD3}.Debug|x86.Build.0 = Debug|Win32
		{FBAE4BC1-4B91-465C-960F-BDF189E91AD3}.Release|x64.ActiveCfg = Release|x64
		{FBAE4BC1-4B91-465C-960F-BDF189E91AD3}.Release|x64.Build.0 = Release|x64
		{FBAE4BC1-4B91-465C-960F-BDF189E91AD3}.Release|x86.ActiveCfg = Release|Win32
		{FBAE4BC1-4B91-465C-960F-BDF189E91AD3}.Release|x86.Build.0 = Release|Win32
		{0E3926F9-5E87-4FB3-88EB-53CD2281D548}.Debug|x64.ActiveCfg = Debug|x64
		{0E3926F9-5E87-4FB3-88EB-53CD2281D548}.Debug|x64.Build.0 = Debug|x64
		{0E3926F9-5E87-4FB3-88EB-53CD2281D548}.Debug|x86.ActiveCfg = Debug|Win32
		{0E3926F9-5E87-4FB3-88EB-53CD2281D548}.Debug|x86.Build.0 = Debug|Win32
		{0E3926F9-5E87-4FB3-88EB-53CD2281D548}.Release|x64.ActiveCfg = Release|x64
		{0E3926F9-5E87-4FB3-88EB-53CD2281D548}.Release|x64.Build.0 = Release|x64
		{0E3926F9-5E87-4FB3-88EB-53CD2281D548}.Release|x86.ActiveCfg = Release|Win32
		{0E3926F9-5E87-4FB3-88EB-53CD2281D548}.Release|x86.Build.0 = Release|Win32
		{12D1793C-5750-40C4-9A74-860DA0854264}.Debug|x64.ActiveCfg = Debug|x64
		{12D1793C-5750-40C4-9A74-860DA0854264}.Debug|x64.Build.0 = Debug|x64
		{12D1793C-5750-40C4-9A74-860DA0854264}.Debug|x86.ActiveCfg = Debug|Win32
		{12D1793C-5750-40C4-9A74-860DA0854264}.Debug|x86.Build.0 = Debug|Win32
		{12D1793C-5750-40C4-9A74-860DA0854264}.Release|x64.ActiveCfg = Release|x64
		{12D1793C-5750-40C4-9A74-860DA0854264}.Release|x64.Build.0 = Release|x64
		{12D1793C-5750-40C4-9A74-860DA0854264}.Release|x86.ActiveCfg = Release|Win32
		{12D1793C-5750-40C4-9A74-860DA0854264}.Release|x86.Build.0 = Release|Win32
	EndGlobalSection
	GlobalSection(SolutionProperties) = preSolution
		HideSolutionNode = FALSE
	EndGlobalSection
	GlobalSection(ExtensibilityGlobals) = postSolution
		SolutionGuid = {351E566E-F1A2-4B69-96EE-3F0CDE34B37C}
	EndGlobalSection
EndGlobal
