
Microsoft Visual Studio Solution File, Format Version 12.00
# Visual Studio 15
VisualStudioVersion = 15.0.28307.1082
MinimumVisualStudioVersion = 10.0.40219.1
Project("{8BC9CEB8-8B4A-11D0-8D11-00A0C91BC942}") = "67.二进制求和", "67.二进制求和\67.二进制求和.vcxproj", "{C8A5B3F3-F251-45D5-8417-DC207E1AA374}"
EndProject
Project("{8BC9CEB8-8B4A-11D0-8D11-00A0C91BC942}") = "13.罗马数字转整数", "13.罗马数字转整数\13.罗马数字转整数.vcxproj", "{B82448D4-471C-44E7-ACE9-74482E979F20}"
EndProject
Project("{8BC9CEB8-8B4A-11D0-8D11-00A0C91BC942}") = "1450. 在既定时间做作业的学生人数", "1450. 在既定时间做作业的学生人数\1450. 在既定时间做作业的学生人数.vcxproj", "{4BC06BD9-A232-4758-A55E-262E6BE8E1C8}"
EndProject
Project("{8BC9CEB8-8B4A-11D0-8D11-00A0C91BC942}") = "1342. 将数字变成 0 的操作次数", "1342. 将数字变成 0 的操作次数\1342. 将数字变成 0 的操作次数.vcxproj", "{313B4F54-49E2-49E4-BBA4-BA9E15B4BA35}"
EndProject
Global
	GlobalSection(SolutionConfigurationPlatforms) = preSolution
		Debug|x64 = Debug|x64
		Debug|x86 = Debug|x86
		Release|x64 = Release|x64
		Release|x86 = Release|x86
	EndGlobalSection
	GlobalSection(ProjectConfigurationPlatforms) = postSolution
		{C8A5B3F3-F251-45D5-8417-DC207E1AA374}.Debug|x64.ActiveCfg = Debug|x64
		{C8A5B3F3-F251-45D5-8417-DC207E1AA374}.Debug|x64.Build.0 = Debug|x64
		{C8A5B3F3-F251-45D5-8417-DC207E1AA374}.Debug|x86.ActiveCfg = Debug|Win32
		{C8A5B3F3-F251-45D5-8417-DC207E1AA374}.Debug|x86.Build.0 = Debug|Win32
		{C8A5B3F3-F251-45D5-8417-DC207E1AA374}.Release|x64.ActiveCfg = Release|x64
		{C8A5B3F3-F251-45D5-8417-DC207E1AA374}.Release|x64.Build.0 = Release|x64
		{C8A5B3F3-F251-45D5-8417-DC207E1AA374}.Release|x86.ActiveCfg = Release|Win32
		{C8A5B3F3-F251-45D5-8417-DC207E1AA374}.Release|x86.Build.0 = Release|Win32
		{B82448D4-471C-44E7-ACE9-74482E979F20}.Debug|x64.ActiveCfg = Debug|x64
		{B82448D4-471C-44E7-ACE9-74482E979F20}.Debug|x64.Build.0 = Debug|x64
		{B82448D4-471C-44E7-ACE9-74482E979F20}.Debug|x86.ActiveCfg = Debug|Win32
		{B82448D4-471C-44E7-ACE9-74482E979F20}.Debug|x86.Build.0 = Debug|Win32
		{B82448D4-471C-44E7-ACE9-74482E979F20}.Release|x64.ActiveCfg = Release|x64
		{B82448D4-471C-44E7-ACE9-74482E979F20}.Release|x64.Build.0 = Release|x64
		{B82448D4-471C-44E7-ACE9-74482E979F20}.Release|x86.ActiveCfg = Release|Win32
		{B82448D4-471C-44E7-ACE9-74482E979F20}.Release|x86.Build.0 = Release|Win32
		{4BC06BD9-A232-4758-A55E-262E6BE8E1C8}.Debug|x64.ActiveCfg = Debug|x64
		{4BC06BD9-A232-4758-A55E-262E6BE8E1C8}.Debug|x64.Build.0 = Debug|x64
		{4BC06BD9-A232-4758-A55E-262E6BE8E1C8}.Debug|x86.ActiveCfg = Debug|Win32
		{4BC06BD9-A232-4758-A55E-262E6BE8E1C8}.Debug|x86.Build.0 = Debug|Win32
		{4BC06BD9-A232-4758-A55E-262E6BE8E1C8}.Release|x64.ActiveCfg = Release|x64
		{4BC06BD9-A232-4758-A55E-262E6BE8E1C8}.Release|x64.Build.0 = Release|x64
		{4BC06BD9-A232-4758-A55E-262E6BE8E1C8}.Release|x86.ActiveCfg = Release|Win32
		{4BC06BD9-A232-4758-A55E-262E6BE8E1C8}.Release|x86.Build.0 = Release|Win32
		{313B4F54-49E2-49E4-BBA4-BA9E15B4BA35}.Debug|x64.ActiveCfg = Debug|x64
		{313B4F54-49E2-49E4-BBA4-BA9E15B4BA35}.Debug|x64.Build.0 = Debug|x64
		{313B4F54-49E2-49E4-BBA4-BA9E15B4BA35}.Debug|x86.ActiveCfg = Debug|Win32
		{313B4F54-49E2-49E4-BBA4-BA9E15B4BA35}.Debug|x86.Build.0 = Debug|Win32
		{313B4F54-49E2-49E4-BBA4-BA9E15B4BA35}.Release|x64.ActiveCfg = Release|x64
		{313B4F54-49E2-49E4-BBA4-BA9E15B4BA35}.Release|x64.Build.0 = Release|x64
		{313B4F54-49E2-49E4-BBA4-BA9E15B4BA35}.Release|x86.ActiveCfg = Release|Win32
		{313B4F54-49E2-49E4-BBA4-BA9E15B4BA35}.Release|x86.Build.0 = Release|Win32
	EndGlobalSection
	GlobalSection(SolutionProperties) = preSolution
		HideSolutionNode = FALSE
	EndGlobalSection
	GlobalSection(ExtensibilityGlobals) = postSolution
		SolutionGuid = {351E566E-F1A2-4B69-96EE-3F0CDE34B37C}
	EndGlobalSection
EndGlobal
